PODS:
  - Alamofire (5.0.1)
  - Introspect (0.0.6)
  - MarqueeLabel (4.0.2)
  - NotificationBannerSwift (3.0.2):
    - MarqueeLabel (~> 4.0.0)
    - SnapKit (~> 5.0.0)
  - SnapKit (5.0.1)
  - SwiftUIRefresh (0.0.2):
    - Introspect (~> 0.0.6)
  - SwiftyJSON (5.0.0)

DEPENDENCIES:
  - Alamofire
  - NotificationBannerSwift (~> 3.0.0)
  - SwiftUIRefresh
  - SwiftyJSON

SPEC REPOS:
  trunk:
    - Alamofire
    - Introspect
    - MarqueeLabel
    - NotificationBannerSwift
    - SnapKit
    - SwiftUIRefresh
    - SwiftyJSON

SPEC CHECKSUMS:
  Alamofire: 41c162d645ba6a78e7fd030fcdaf6aa394ca39a0
  Introspect: 3575a13dbece038e564e4375eeac2117e64a0242
  MarqueeLabel: f762aa681ae201f66c1d511858b171f75d83013a
  NotificationBannerSwift: 713e20f21b6105f4a36a00e5d9fa414a930d3d8e
  SnapKit: 97b92857e3df3a0c71833cce143274bf6ef8e5eb
  SwiftUIRefresh: 3daa095596b5a624ea67fd0174997026b339a5bc
  SwiftyJSON: 36413e04c44ee145039d332b4f4e2d3e8d6c4db7

PODFILE CHECKSUM: c1733e8b63a1c45fb55f3f0bce3702c3dfe744a0

COCOAPODS: 1.8.4
