PODS:
  - Alamofire (5.0.0)
  - Introspect (0.0.6)
  - SwiftUIRefresh (0.0.2):
    - Introspect (~> 0.0.6)
  - SwiftyJSON (5.0.0)

DEPENDENCIES:
  - Alamofire
  - SwiftUIRefresh
  - SwiftyJSON

SPEC REPOS:
  trunk:
    - Alamofire
    - Introspect
    - SwiftUIRefresh
    - SwiftyJSON

SPEC CHECKSUMS:
  Alamofire: 58ff2bfb8daaacaa233d5c36e37b10a5248f59b1
  Introspect: 3575a13dbece038e564e4375eeac2117e64a0242
  SwiftUIRefresh: 3daa095596b5a624ea67fd0174997026b339a5bc
  SwiftyJSON: 36413e04c44ee145039d332b4f4e2d3e8d6c4db7

PODFILE CHECKSUM: 5a2dacf8b109bca9795bc8821ba0c4efba5a2a48

COCOAPODS: 1.8.4
